
Microsoft Visual Studio Solution File, Format Version 12.00
# Visual Studio Version 17
VisualStudioVersion = 17.7.34221.43
MinimumVisualStudioVersion = 10.0.40219.1
Project("{FAE04EC0-301F-11D3-BF4B-00C04F79EFBC}") = "MauiApp3", "MauiApp3\MauiApp3.csproj", "{11AD6F76-4815-4850-909E-E3E5BB174488}"
EndProject
Global
	GlobalSection(SolutionConfigurationPlatforms) = preSolution
		Debug|Any CPU = Debug|Any CPU
		Release|Any CPU = Release|Any CPU
	EndGlobalSection
	GlobalSection(ProjectConfigurationPlatforms) = postSolution
		{11AD6F76-4815-4850-909E-E3E5BB174488}.Debug|Any CPU.ActiveCfg = Debug|Any CPU
		{11AD6F76-4815-4850-909E-E3E5BB174488}.Debug|Any CPU.Build.0 = Debug|Any CPU
		{11AD6F76-4815-4850-909E-E3E5BB174488}.Debug|Any CPU.Deploy.0 = Debug|Any CPU
		{11AD6F76-4815-4850-909E-E3E5BB174488}.Release|Any CPU.ActiveCfg = Release|Any CPU
		{11AD6F76-4815-4850-909E-E3E5BB174488}.Release|Any CPU.Build.0 = Release|Any CPU
		{11AD6F76-4815-4850-909E-E3E5BB174488}.Release|Any CPU.Deploy.0 = Release|Any CPU
	EndGlobalSection
	GlobalSection(SolutionProperties) = preSolution
		HideSolutionNode = FALSE
	EndGlobalSection
	GlobalSection(ExtensibilityGlobals) = postSolution
		SolutionGuid = {2E4BAB61-D91E-41B4-A9C5-8434FC69C88C}
	EndGlobalSection
EndGlobal
